
Microsoft Visual Studio Solution File, Format Version 12.00
# Visual Studio Version 17
VisualStudioVersion = 17.11.35303.130
MinimumVisualStudioVersion = 10.0.40219.1
Project("{2150E333-8FDC-42A3-9474-1A3956D46DE8}") = "Domain", "Domain", "{0794EB02-6467-4D50-92B4-CCB691B5ECE1}"
EndProject
Project("{2150E333-8FDC-42A3-9474-1A3956D46DE8}") = "Infra.Bus", "Infra.Bus", "{AC6076A8-E845-43E9-834D-F95543A75B4D}"
EndProject
Project("{2150E333-8FDC-42A3-9474-1A3956D46DE8}") = "Infra.IoC", "Infra.IoC", "{BB3BEC1C-6B9A-4779-8FA0-E176D87956B6}"
EndProject
Project("{2150E333-8FDC-42A3-9474-1A3956D46DE8}") = "Microservices", "Microservices", "{3DBD914A-33ED-416D-8D8F-0370402E07F6}"
EndProject
Project("{FAE04EC0-301F-11D3-BF4B-00C04F79EFBC}") = "MicroRabbit.Domain.Core", "MicroRabbit.Domain.Core\MicroRabbit.Domain.Core.csproj", "{22985EB9-AF94-4D86-AAC6-F6D9BDB9BA55}"
EndProject
Project("{FAE04EC0-301F-11D3-BF4B-00C04F79EFBC}") = "MicroRabbit.Infra.Bus", "MicroRabbit.Infra.Bus\MicroRabbit.Infra.Bus.csproj", "{A3C1D919-71A8-4D69-8F5F-CCC7C322E0D7}"
EndProject
Project("{FAE04EC0-301F-11D3-BF4B-00C04F79EFBC}") = "MicroRabbit.Infra.IoC", "MicroRabbit.Infra.IoC\MicroRabbit.Infra.IoC.csproj", "{C20C7635-3905-4360-91A9-428C1F0478AF}"
EndProject
Project("{2150E333-8FDC-42A3-9474-1A3956D46DE8}") = "Banking", "Banking", "{EE9B41EA-A21A-4DFD-B104-D8C2ABF2335C}"
EndProject
Project("{2150E333-8FDC-42A3-9474-1A3956D46DE8}") = "Api", "Api", "{1F573905-0579-4C9B-84B2-655BB3012A5D}"
EndProject
Project("{2150E333-8FDC-42A3-9474-1A3956D46DE8}") = "Application", "Application", "{43F8EBDB-7696-4678-9F12-14BDD57E589F}"
EndProject
Project("{2150E333-8FDC-42A3-9474-1A3956D46DE8}") = "Domain", "Domain", "{D6629C3F-F294-43F7-A17C-CB7F48C4E6A9}"
EndProject
Project("{2150E333-8FDC-42A3-9474-1A3956D46DE8}") = "Data", "Data", "{A4D50F4E-7424-4253-8BDF-052B60B9E145}"
EndProject
Project("{FAE04EC0-301F-11D3-BF4B-00C04F79EFBC}") = "MicroRabbit.Banking.Api", "MicroRabbit.Banking.Api\MicroRabbit.Banking.Api.csproj", "{C404BC3C-CEDB-4E3E-B244-E3331257B24F}"
EndProject
Project("{FAE04EC0-301F-11D3-BF4B-00C04F79EFBC}") = "MicroRabbit.Banking.Application", "MicroRabbit.Banking.Application\MicroRabbit.Banking.Application.csproj", "{6CFE0A7C-69E2-41BD-AF7E-686156A02327}"
EndProject
Project("{FAE04EC0-301F-11D3-BF4B-00C04F79EFBC}") = "MicroRabbit.Banking.Data", "MicroRabbit.Banking.Data\MicroRabbit.Banking.Data.csproj", "{426EAD89-B3A9-4463-957B-58EDFD06E3A6}"
EndProject
Project("{FAE04EC0-301F-11D3-BF4B-00C04F79EFBC}") = "MicroRabbit.Banking.Domain", "MicroRabbit.Banking.Domain\MicroRabbit.Banking.Domain.csproj", "{60809BF4-64D8-4BCE-9DCA-053250E4F59C}"
EndProject
Global
	GlobalSection(SolutionConfigurationPlatforms) = preSolution
		Debug|Any CPU = Debug|Any CPU
		Release|Any CPU = Release|Any CPU
	EndGlobalSection
	GlobalSection(ProjectConfigurationPlatforms) = postSolution
		{22985EB9-AF94-4D86-AAC6-F6D9BDB9BA55}.Debug|Any CPU.ActiveCfg = Debug|Any CPU
		{22985EB9-AF94-4D86-AAC6-F6D9BDB9BA55}.Debug|Any CPU.Build.0 = Debug|Any CPU
		{22985EB9-AF94-4D86-AAC6-F6D9BDB9BA55}.Release|Any CPU.ActiveCfg = Release|Any CPU
		{22985EB9-AF94-4D86-AAC6-F6D9BDB9BA55}.Release|Any CPU.Build.0 = Release|Any CPU
		{A3C1D919-71A8-4D69-8F5F-CCC7C322E0D7}.Debug|Any CPU.ActiveCfg = Debug|Any CPU
		{A3C1D919-71A8-4D69-8F5F-CCC7C322E0D7}.Debug|Any CPU.Build.0 = Debug|Any CPU
		{A3C1D919-71A8-4D69-8F5F-CCC7C322E0D7}.Release|Any CPU.ActiveCfg = Release|Any CPU
		{A3C1D919-71A8-4D69-8F5F-CCC7C322E0D7}.Release|Any CPU.Build.0 = Release|Any CPU
		{C20C7635-3905-4360-91A9-428C1F0478AF}.Debug|Any CPU.ActiveCfg = Debug|Any CPU
		{C20C7635-3905-4360-91A9-428C1F0478AF}.Debug|Any CPU.Build.0 = Debug|Any CPU
		{C20C7635-3905-4360-91A9-428C1F0478AF}.Release|Any CPU.ActiveCfg = Release|Any CPU
		{C20C7635-3905-4360-91A9-428C1F0478AF}.Release|Any CPU.Build.0 = Release|Any CPU
		{C404BC3C-CEDB-4E3E-B244-E3331257B24F}.Debug|Any CPU.ActiveCfg = Debug|Any CPU
		{C404BC3C-CEDB-4E3E-B244-E3331257B24F}.Debug|Any CPU.Build.0 = Debug|Any CPU
		{C404BC3C-CEDB-4E3E-B244-E3331257B24F}.Release|Any CPU.ActiveCfg = Release|Any CPU
		{C404BC3C-CEDB-4E3E-B244-E3331257B24F}.Release|Any CPU.Build.0 = Release|Any CPU
		{6CFE0A7C-69E2-41BD-AF7E-686156A02327}.Debug|Any CPU.ActiveCfg = Debug|Any CPU
		{6CFE0A7C-69E2-41BD-AF7E-686156A02327}.Debug|Any CPU.Build.0 = Debug|Any CPU
		{6CFE0A7C-69E2-41BD-AF7E-686156A02327}.Release|Any CPU.ActiveCfg = Release|Any CPU
		{6CFE0A7C-69E2-41BD-AF7E-686156A02327}.Release|Any CPU.Build.0 = Release|Any CPU
		{426EAD89-B3A9-4463-957B-58EDFD06E3A6}.Debug|Any CPU.ActiveCfg = Debug|Any CPU
		{426EAD89-B3A9-4463-957B-58EDFD06E3A6}.Debug|Any CPU.Build.0 = Debug|Any CPU
		{426EAD89-B3A9-4463-957B-58EDFD06E3A6}.Release|Any CPU.ActiveCfg = Release|Any CPU
		{426EAD89-B3A9-4463-957B-58EDFD06E3A6}.Release|Any CPU.Build.0 = Release|Any CPU
		{60809BF4-64D8-4BCE-9DCA-053250E4F59C}.Debug|Any CPU.ActiveCfg = Debug|Any CPU
		{60809BF4-64D8-4BCE-9DCA-053250E4F59C}.Debug|Any CPU.Build.0 = Debug|Any CPU
		{60809BF4-64D8-4BCE-9DCA-053250E4F59C}.Release|Any CPU.ActiveCfg = Release|Any CPU
		{60809BF4-64D8-4BCE-9DCA-053250E4F59C}.Release|Any CPU.Build.0 = Release|Any CPU
	EndGlobalSection
	GlobalSection(SolutionProperties) = preSolution
		HideSolutionNode = FALSE
	EndGlobalSection
	GlobalSection(NestedProjects) = preSolution
		{22985EB9-AF94-4D86-AAC6-F6D9BDB9BA55} = {0794EB02-6467-4D50-92B4-CCB691B5ECE1}
		{A3C1D919-71A8-4D69-8F5F-CCC7C322E0D7} = {AC6076A8-E845-43E9-834D-F95543A75B4D}
		{C20C7635-3905-4360-91A9-428C1F0478AF} = {BB3BEC1C-6B9A-4779-8FA0-E176D87956B6}
		{EE9B41EA-A21A-4DFD-B104-D8C2ABF2335C} = {3DBD914A-33ED-416D-8D8F-0370402E07F6}
		{1F573905-0579-4C9B-84B2-655BB3012A5D} = {EE9B41EA-A21A-4DFD-B104-D8C2ABF2335C}
		{43F8EBDB-7696-4678-9F12-14BDD57E589F} = {EE9B41EA-A21A-4DFD-B104-D8C2ABF2335C}
		{D6629C3F-F294-43F7-A17C-CB7F48C4E6A9} = {EE9B41EA-A21A-4DFD-B104-D8C2ABF2335C}
		{A4D50F4E-7424-4253-8BDF-052B60B9E145} = {EE9B41EA-A21A-4DFD-B104-D8C2ABF2335C}
		{C404BC3C-CEDB-4E3E-B244-E3331257B24F} = {1F573905-0579-4C9B-84B2-655BB3012A5D}
		{6CFE0A7C-69E2-41BD-AF7E-686156A02327} = {43F8EBDB-7696-4678-9F12-14BDD57E589F}
		{426EAD89-B3A9-4463-957B-58EDFD06E3A6} = {A4D50F4E-7424-4253-8BDF-052B60B9E145}
		{60809BF4-64D8-4BCE-9DCA-053250E4F59C} = {D6629C3F-F294-43F7-A17C-CB7F48C4E6A9}
	EndGlobalSection
	GlobalSection(ExtensibilityGlobals) = postSolution
		SolutionGuid = {DEEB188E-FD53-4F67-B01D-9CF7BED97D85}
	EndGlobalSection
EndGlobal
